%{
  "castore": {:hex, :castore, "0.1.6", "2da0dccb3eacb67841d11790598ff03cd5caee861e01fad61dce1376b5da28e6", [:mix], [], "hexpm", "f874c510b720d31dd6334e9ae5c859a06a3c9e67dfe1a195c512e57588556d3f"},
  "cldr_utils": {:hex, :cldr_utils, "2.9.1", "be714403abe1a7abed5ee4f7dd3823a9067f96ab4b0613a454177b51ca204236", [:mix], [{:decimal, "~> 1.6", [hex: :decimal, repo: "hexpm", optional: false]}], "hexpm", "6cba0a485f57feb773291ca1816469ddd887e22d73d9b12a1b207d82a67a4e71"},
  "decimal": {:hex, :decimal, "1.8.1", "a4ef3f5f3428bdbc0d35374029ffcf4ede8533536fa79896dd450168d9acdf3c", [:mix], [], "hexpm", "3cb154b00225ac687f6cbd4acc4b7960027c757a5152b369923ead9ddbca7aec"},
  "earmark": {:hex, :earmark, "1.4.4", "4821b8d05cda507189d51f2caeef370cf1e18ca5d7dfb7d31e9cafe6688106a4", [:mix], [], "hexpm", "1f93aba7340574847c0f609da787f0d79efcab51b044bb6e242cae5aca9d264d"},
  "ex_cldr": {:hex, :ex_cldr, "2.15.0", "53f46a5e355ef2eeb5609ee02ecc058d6a73a9118523110411b7169038cf14f3", [:mix], [{:castore, "~> 0.1", [hex: :castore, repo: "hexpm", optional: true]}, {:certifi, "~> 2.5", [hex: :certifi, repo: "hexpm", optional: true]}, {:cldr_utils, "~> 2.9", [hex: :cldr_utils, repo: "hexpm", optional: false]}, {:decimal, "~> 1.6", [hex: :decimal, repo: "hexpm", optional: false]}, {:gettext, "~> 0.13", [hex: :gettext, repo: "hexpm", optional: true]}, {:jason, "~> 1.0", [hex: :jason, repo: "hexpm", optional: true]}, {:plug, "~> 1.4", [hex: :plug, repo: "hexpm", optional: true]}, {:telemetry, "~> 0.4.0", [hex: :telemetry, repo: "hexpm", optional: true]}], "hexpm", "698ace79bff3e5eef3f162fe6123fed0da5fb916546a9dc917d2a24eda7e6ed4"},
  "ex_cldr_calendars": {:hex, :ex_cldr_calendars, "1.8.1", "2d75e5877fdd087090c79b27958c07734f225104c4c7b9229ffd74af8b1a6d01", [:mix], [{:earmark, "~> 1.0", [hex: :earmark, repo: "hexpm", optional: false]}, {:ex_cldr_numbers, "~> 2.13", [hex: :ex_cldr_numbers, repo: "hexpm", optional: false]}, {:ex_cldr_units, "~> 3.0", [hex: :ex_cldr_units, repo: "hexpm", optional: true]}, {:jason, "~> 1.0", [hex: :jason, repo: "hexpm", optional: false]}], "hexpm", "10236620c9a28e91e529639460038facba980d723cacb81a08d926df163ba61b"},
  "ex_cldr_currencies": {:hex, :ex_cldr_currencies, "2.5.0", "e369ae3c1cd5cd20aa20988b153fd2902b4ab08aec63ca8757d7104bdb79f867", [:mix], [{:ex_cldr, "~> 2.14", [hex: :ex_cldr, repo: "hexpm", optional: false]}, {:jason, "~> 1.0", [hex: :jason, repo: "hexpm", optional: true]}], "hexpm", "ba16b1df60bcec52c986481bbdfa7cfaec899b610f869d2b3c5a9a8149f67668"},
  "ex_cldr_dates_times": {:hex, :ex_cldr_dates_times, "2.4.0", "a2cdfdda820330d5c3899d4cc52adfd646d58aa9c47bcfb4702228632f7f9422", [:mix], [{:ex_cldr_calendars, "~> 1.8", [hex: :ex_cldr_calendars, repo: "hexpm", optional: false]}, {:ex_cldr_numbers, "~> 2.13", [hex: :ex_cldr_numbers, repo: "hexpm", optional: false]}, {:jason, "~> 1.0", [hex: :jason, repo: "hexpm", optional: true]}], "hexpm", "e844103d90a0e1e3341462a3758bcb7c036dae0ce55f9d70a132c7ae3936736c"},
  "ex_cldr_lists": {:hex, :ex_cldr_lists, "2.5.0", "5cee76f51e1f24462560299782721d937e19b0f160cd78e61431007c71bf78ad", [:mix], [{:ex_cldr_numbers, "~> 2.13", [hex: :ex_cldr_numbers, repo: "hexpm", optional: false]}, {:jason, "~> 1.0", [hex: :jason, repo: "hexpm", optional: true]}], "hexpm", "cc7132ca7eb02ba01b7a2980404c9d19acb6ed6ca5ebbc239329af1563426740"},
  "ex_cldr_numbers": {:hex, :ex_cldr_numbers, "2.14.0", "e250fe90922fbf9ce9dde9e7bcd0ccf8be5d012e4697c57a40d8697794da6d4a", [:mix], [{:decimal, "~> 1.6 or ~> 2.0", [hex: :decimal, repo: "hexpm", optional: false]}, {:ex_cldr, "~> 2.15", [hex: :ex_cldr, repo: "hexpm", optional: false]}, {:ex_cldr_currencies, "~> 2.5", [hex: :ex_cldr_currencies, repo: "hexpm", optional: false]}, {:jason, "~> 1.0", [hex: :jason, repo: "hexpm", optional: true]}], "hexpm", "0ac7d9a66194266f61b80daef5514750cdb3e389a064627b12ac7530502166f7"},
  "jason": {:hex, :jason, "1.2.1", "12b22825e22f468c02eb3e4b9985f3d0cb8dc40b9bd704730efa11abd2708c44", [:mix], [{:decimal, "~> 1.0", [hex: :decimal, repo: "hexpm", optional: true]}], "hexpm", "b659b8571deedf60f79c5a608e15414085fa141344e2716fbd6988a084b5f993"},
}
